
Microsoft Visual Studio Solution File, Format Version 12.00
# Visual Studio Version 17
VisualStudioVersion = 17.7.34031.279
MinimumVisualStudioVersion = 10.0.40219.1
Project("{FAE04EC0-301F-11D3-BF4B-00C04F79EFBC}") = "DbIpToSql", "DbIpToSql.csproj", "{D4E68AD1-1A70-4BEE-95F1-9B411F9A421B}"
EndProject
Global
	GlobalSection(SolutionConfigurationPlatforms) = preSolution
		Debug|Any CPU = Debug|Any CPU
		Release|Any CPU = Release|Any CPU
	EndGlobalSection
	GlobalSection(ProjectConfigurationPlatforms) = postSolution
		{D4E68AD1-1A70-4BEE-95F1-9B411F9A421B}.Debug|Any CPU.ActiveCfg = Debug|Any CPU
		{D4E68AD1-1A70-4BEE-95F1-9B411F9A421B}.Debug|Any CPU.Build.0 = Debug|Any CPU
		{D4E68AD1-1A70-4BEE-95F1-9B411F9A421B}.Release|Any CPU.ActiveCfg = Release|Any CPU
		{D4E68AD1-1A70-4BEE-95F1-9B411F9A421B}.Release|Any CPU.Build.0 = Release|Any CPU
	EndGlobalSection
	GlobalSection(SolutionProperties) = preSolution
		HideSolutionNode = FALSE
	EndGlobalSection
	GlobalSection(ExtensibilityGlobals) = postSolution
		SolutionGuid = {12AB2B40-7015-4B66-985A-58A64C3E2281}
	EndGlobalSection
EndGlobal
